
Microsoft Visual Studio Solution File, Format Version 12.00
Project("{FAE04EC0-301F-11D3-BF4B-00C04F79EFBC}") = "Snake", "Snake\Snake.csproj", "{28756E8B-DF18-4DBD-81D8-973DC8B09CB6}"
EndProject
Global
	GlobalSection(SolutionConfigurationPlatforms) = preSolution
		Debug|Any CPU = Debug|Any CPU
		Release|Any CPU = Release|Any CPU
	EndGlobalSection
	GlobalSection(ProjectConfigurationPlatforms) = postSolution
		{28756E8B-DF18-4DBD-81D8-973DC8B09CB6}.Debug|Any CPU.ActiveCfg = Debug|Any CPU
		{28756E8B-DF18-4DBD-81D8-973DC8B09CB6}.Debug|Any CPU.Build.0 = Debug|Any CPU
		{28756E8B-DF18-4DBD-81D8-973DC8B09CB6}.Release|Any CPU.ActiveCfg = Release|Any CPU
		{28756E8B-DF18-4DBD-81D8-973DC8B09CB6}.Release|Any CPU.Build.0 = Release|Any CPU
	EndGlobalSection
EndGlobal
